
Microsoft Visual Studio Solution File, Format Version 12.00
# Visual Studio Version 17
VisualStudioVersion = 17.1.32421.90
MinimumVisualStudioVersion = 10.0.40219.1
Project("{8BC9CEB8-8B4A-11D0-8D11-00A0C91BC942}") = "SaberTest", "SaberTest\SaberTest.vcxproj", "{8169801D-1DA8-44F2-B6E9-5EF847332422}"
EndProject
Global
	GlobalSection(SolutionConfigurationPlatforms) = preSolution
		Debug|x64 = Debug|x64
		Debug|x86 = Debug|x86
		Release|x64 = Release|x64
		Release|x86 = Release|x86
	EndGlobalSection
	GlobalSection(ProjectConfigurationPlatforms) = postSolution
		{8169801D-1DA8-44F2-B6E9-5EF847332422}.Debug|x64.ActiveCfg = Debug|x64
		{8169801D-1DA8-44F2-B6E9-5EF847332422}.Debug|x64.Build.0 = Debug|x64
		{8169801D-1DA8-44F2-B6E9-5EF847332422}.Debug|x86.ActiveCfg = Debug|Win32
		{8169801D-1DA8-44F2-B6E9-5EF847332422}.Debug|x86.Build.0 = Debug|Win32
		{8169801D-1DA8-44F2-B6E9-5EF847332422}.Release|x64.ActiveCfg = Release|x64
		{8169801D-1DA8-44F2-B6E9-5EF847332422}.Release|x64.Build.0 = Release|x64
		{8169801D-1DA8-44F2-B6E9-5EF847332422}.Release|x86.ActiveCfg = Release|Win32
		{8169801D-1DA8-44F2-B6E9-5EF847332422}.Release|x86.Build.0 = Release|Win32
	EndGlobalSection
	GlobalSection(SolutionProperties) = preSolution
		HideSolutionNode = FALSE
	EndGlobalSection
	GlobalSection(ExtensibilityGlobals) = postSolution
		SolutionGuid = {3980CB73-2A67-41CB-BA6B-D2C7DAAA522E}
	EndGlobalSection
EndGlobal
